
Microsoft Visual Studio Solution File, Format Version 11.00
# Visual Studio 2010
Project("{FAE04EC0-301F-11D3-BF4B-00C04F79EFBC}") = "ModernHttpClient.iOS", "src\ModernHttpClient.iOS\ModernHttpClient.iOS.csproj", "{0F2A1CC8-4168-4CB4-B334-28C28BA51ECB}"
EndProject
Project("{FAE04EC0-301F-11D3-BF4B-00C04F79EFBC}") = "ModernHttpClient.Android", "src\ModernHttpClient.Android\ModernHttpClient.Android.csproj", "{F7290B9E-C821-4DA7-A4E5-824D9B0F70F2}"
EndProject
Project("{FAE04EC0-301F-11D3-BF4B-00C04F79EFBC}") = "Playground.Android", "src\Playground.Android\Playground.Android.csproj", "{90F8D67C-8D81-4DCE-BAE7-1ABA136A4C60}"
EndProject
Project("{FAE04EC0-301F-11D3-BF4B-00C04F79EFBC}") = "Playground.iOS", "src\Playground.iOS\Playground.iOS.csproj", "{2CE837CD-9B97-4058-9156-339697EEE228}"
EndProject
Global
	GlobalSection(SolutionConfigurationPlatforms) = preSolution
		Debug|Any CPU = Debug|Any CPU
		Release|Any CPU = Release|Any CPU
		Debug|iPhoneSimulator = Debug|iPhoneSimulator
		Release|iPhoneSimulator = Release|iPhoneSimulator
		Debug|iPhone = Debug|iPhone
		Release|iPhone = Release|iPhone
		Ad-Hoc|iPhone = Ad-Hoc|iPhone
		AppStore|iPhone = AppStore|iPhone
	EndGlobalSection
	GlobalSection(ProjectConfigurationPlatforms) = postSolution
		{0F2A1CC8-4168-4CB4-B334-28C28BA51ECB}.Ad-Hoc|iPhone.ActiveCfg = Debug|Any CPU
		{0F2A1CC8-4168-4CB4-B334-28C28BA51ECB}.Ad-Hoc|iPhone.Build.0 = Debug|Any CPU
		{0F2A1CC8-4168-4CB4-B334-28C28BA51ECB}.AppStore|iPhone.ActiveCfg = Debug|Any CPU
		{0F2A1CC8-4168-4CB4-B334-28C28BA51ECB}.AppStore|iPhone.Build.0 = Debug|Any CPU
		{0F2A1CC8-4168-4CB4-B334-28C28BA51ECB}.Debug|Any CPU.ActiveCfg = Debug|Any CPU
		{0F2A1CC8-4168-4CB4-B334-28C28BA51ECB}.Debug|Any CPU.Build.0 = Debug|Any CPU
		{0F2A1CC8-4168-4CB4-B334-28C28BA51ECB}.Debug|iPhone.ActiveCfg = Debug|Any CPU
		{0F2A1CC8-4168-4CB4-B334-28C28BA51ECB}.Debug|iPhone.Build.0 = Debug|Any CPU
		{0F2A1CC8-4168-4CB4-B334-28C28BA51ECB}.Debug|iPhoneSimulator.ActiveCfg = Debug|Any CPU
		{0F2A1CC8-4168-4CB4-B334-28C28BA51ECB}.Debug|iPhoneSimulator.Build.0 = Debug|Any CPU
		{0F2A1CC8-4168-4CB4-B334-28C28BA51ECB}.Release|Any CPU.ActiveCfg = Release|Any CPU
		{0F2A1CC8-4168-4CB4-B334-28C28BA51ECB}.Release|Any CPU.Build.0 = Release|Any CPU
		{0F2A1CC8-4168-4CB4-B334-28C28BA51ECB}.Release|iPhone.ActiveCfg = Release|Any CPU
		{0F2A1CC8-4168-4CB4-B334-28C28BA51ECB}.Release|iPhone.Build.0 = Release|Any CPU
		{0F2A1CC8-4168-4CB4-B334-28C28BA51ECB}.Release|iPhoneSimulator.ActiveCfg = Release|Any CPU
		{0F2A1CC8-4168-4CB4-B334-28C28BA51ECB}.Release|iPhoneSimulator.Build.0 = Release|Any CPU
		{2CE837CD-9B97-4058-9156-339697EEE228}.Ad-Hoc|iPhone.ActiveCfg = Ad-Hoc|iPhone
		{2CE837CD-9B97-4058-9156-339697EEE228}.Ad-Hoc|iPhone.Build.0 = Ad-Hoc|iPhone
		{2CE837CD-9B97-4058-9156-339697EEE228}.AppStore|iPhone.ActiveCfg = AppStore|iPhone
		{2CE837CD-9B97-4058-9156-339697EEE228}.AppStore|iPhone.Build.0 = AppStore|iPhone
		{2CE837CD-9B97-4058-9156-339697EEE228}.Debug|Any CPU.ActiveCfg = Debug|iPhoneSimulator
		{2CE837CD-9B97-4058-9156-339697EEE228}.Debug|Any CPU.Build.0 = Debug|iPhoneSimulator
		{2CE837CD-9B97-4058-9156-339697EEE228}.Debug|iPhone.ActiveCfg = Debug|iPhone
		{2CE837CD-9B97-4058-9156-339697EEE228}.Debug|iPhone.Build.0 = Debug|iPhone
		{2CE837CD-9B97-4058-9156-339697EEE228}.Debug|iPhoneSimulator.ActiveCfg = Debug|iPhoneSimulator
		{2CE837CD-9B97-4058-9156-339697EEE228}.Debug|iPhoneSimulator.Build.0 = Debug|iPhoneSimulator
		{2CE837CD-9B97-4058-9156-339697EEE228}.Release|Any CPU.ActiveCfg = Release|iPhoneSimulator
		{2CE837CD-9B97-4058-9156-339697EEE228}.Release|Any CPU.Build.0 = Release|iPhoneSimulator
		{2CE837CD-9B97-4058-9156-339697EEE228}.Release|iPhone.ActiveCfg = Release|iPhone
		{2CE837CD-9B97-4058-9156-339697EEE228}.Release|iPhone.Build.0 = Release|iPhone
		{2CE837CD-9B97-4058-9156-339697EEE228}.Release|iPhoneSimulator.ActiveCfg = Release|iPhoneSimulator
		{2CE837CD-9B97-4058-9156-339697EEE228}.Release|iPhoneSimulator.Build.0 = Release|iPhoneSimulator
		{90F8D67C-8D81-4DCE-BAE7-1ABA136A4C60}.Ad-Hoc|iPhone.ActiveCfg = Debug|Any CPU
		{90F8D67C-8D81-4DCE-BAE7-1ABA136A4C60}.Ad-Hoc|iPhone.Build.0 = Debug|Any CPU
		{90F8D67C-8D81-4DCE-BAE7-1ABA136A4C60}.AppStore|iPhone.ActiveCfg = Debug|Any CPU
		{90F8D67C-8D81-4DCE-BAE7-1ABA136A4C60}.AppStore|iPhone.Build.0 = Debug|Any CPU
		{90F8D67C-8D81-4DCE-BAE7-1ABA136A4C60}.Debug|Any CPU.ActiveCfg = Debug|Any CPU
		{90F8D67C-8D81-4DCE-BAE7-1ABA136A4C60}.Debug|Any CPU.Build.0 = Debug|Any CPU
		{90F8D67C-8D81-4DCE-BAE7-1ABA136A4C60}.Debug|iPhone.ActiveCfg = Debug|Any CPU
		{90F8D67C-8D81-4DCE-BAE7-1ABA136A4C60}.Debug|iPhone.Build.0 = Debug|Any CPU
		{90F8D67C-8D81-4DCE-BAE7-1ABA136A4C60}.Debug|iPhoneSimulator.ActiveCfg = Debug|Any CPU
		{90F8D67C-8D81-4DCE-BAE7-1ABA136A4C60}.Debug|iPhoneSimulator.Build.0 = Debug|Any CPU
		{90F8D67C-8D81-4DCE-BAE7-1ABA136A4C60}.Release|Any CPU.ActiveCfg = Release|Any CPU
		{90F8D67C-8D81-4DCE-BAE7-1ABA136A4C60}.Release|Any CPU.Build.0 = Release|Any CPU
		{90F8D67C-8D81-4DCE-BAE7-1ABA136A4C60}.Release|iPhone.ActiveCfg = Release|Any CPU
		{90F8D67C-8D81-4DCE-BAE7-1ABA136A4C60}.Release|iPhone.Build.0 = Release|Any CPU
		{90F8D67C-8D81-4DCE-BAE7-1ABA136A4C60}.Release|iPhoneSimulator.ActiveCfg = Release|Any CPU
		{90F8D67C-8D81-4DCE-BAE7-1ABA136A4C60}.Release|iPhoneSimulator.Build.0 = Release|Any CPU
		{F7290B9E-C821-4DA7-A4E5-824D9B0F70F2}.Ad-Hoc|iPhone.ActiveCfg = Debug|Any CPU
		{F7290B9E-C821-4DA7-A4E5-824D9B0F70F2}.Ad-Hoc|iPhone.Build.0 = Debug|Any CPU
		{F7290B9E-C821-4DA7-A4E5-824D9B0F70F2}.AppStore|iPhone.ActiveCfg = Debug|Any CPU
		{F7290B9E-C821-4DA7-A4E5-824D9B0F70F2}.AppStore|iPhone.Build.0 = Debug|Any CPU
		{F7290B9E-C821-4DA7-A4E5-824D9B0F70F2}.Debug|Any CPU.ActiveCfg = Debug|Any CPU
		{F7290B9E-C821-4DA7-A4E5-824D9B0F70F2}.Debug|Any CPU.Build.0 = Debug|Any CPU
		{F7290B9E-C821-4DA7-A4E5-824D9B0F70F2}.Debug|iPhone.ActiveCfg = Debug|Any CPU
		{F7290B9E-C821-4DA7-A4E5-824D9B0F70F2}.Debug|iPhone.Build.0 = Debug|Any CPU
		{F7290B9E-C821-4DA7-A4E5-824D9B0F70F2}.Debug|iPhoneSimulator.ActiveCfg = Debug|Any CPU
		{F7290B9E-C821-4DA7-A4E5-824D9B0F70F2}.Debug|iPhoneSimulator.Build.0 = Debug|Any CPU
		{F7290B9E-C821-4DA7-A4E5-824D9B0F70F2}.Release|Any CPU.ActiveCfg = Release|Any CPU
		{F7290B9E-C821-4DA7-A4E5-824D9B0F70F2}.Release|Any CPU.Build.0 = Release|Any CPU
		{F7290B9E-C821-4DA7-A4E5-824D9B0F70F2}.Release|iPhone.ActiveCfg = Release|Any CPU
		{F7290B9E-C821-4DA7-A4E5-824D9B0F70F2}.Release|iPhone.Build.0 = Release|Any CPU
		{F7290B9E-C821-4DA7-A4E5-824D9B0F70F2}.Release|iPhoneSimulator.ActiveCfg = Release|Any CPU
		{F7290B9E-C821-4DA7-A4E5-824D9B0F70F2}.Release|iPhoneSimulator.Build.0 = Release|Any CPU
	EndGlobalSection
	GlobalSection(MonoDevelopProperties) = preSolution
		StartupItem = src\Playground.iOS\Playground.iOS.csproj
		Policies = $0
		$0.DotNetNamingPolicy = $1
		$1.DirectoryNamespaceAssociation = PrefixedHierarchical
		$1.ResourceNamePolicy = FileFormatDefault
		$0.TextStylePolicy = $2
		$2.FileWidth = 120
		$2.inheritsSet = VisualStudio
		$2.inheritsScope = text/plain
		$2.scope = text/x-csharp
		$0.CSharpFormattingPolicy = $3
		$3.AfterDelegateDeclarationParameterComma = True
		$3.inheritsSet = Mono
		$3.inheritsScope = text/x-csharp
		$3.scope = text/x-csharp
	EndGlobalSection
EndGlobal
