
Microsoft Visual Studio Solution File, Format Version 11.00
# Visual Studio 2010
Project("{FAE04EC0-301F-11D3-BF4B-00C04F79EFBC}") = "ModernHttpClient.iOS", "src\ModernHttpClient.iOS\ModernHttpClient.iOS.csproj", "{0F2A1CC8-4168-4CB4-B334-28C28BA51ECB}"
EndProject
Project("{FAE04EC0-301F-11D3-BF4B-00C04F79EFBC}") = "AFNetworking", "vendor\afnetworking\AFNetworking\AFNetworking.csproj", "{8736B208-9B6B-4B35-9817-04106F2DAF88}"
EndProject
Project("{FAE04EC0-301F-11D3-BF4B-00C04F79EFBC}") = "ModernHttpClient.Tests_iOS", "test\ModernHttpClient.Tests_iOS.csproj", "{EB65180A-D624-4B51-B7EA-E1E720F247D4}"
EndProject
Project("{FAE04EC0-301F-11D3-BF4B-00C04F79EFBC}") = "OkHttp", "vendor\okhttp\OkHttp\OkHttp.csproj", "{133270E5-3A11-4A4A-A4AD-1D89FC9DBAAF}"
EndProject
Project("{FAE04EC0-301F-11D3-BF4B-00C04F79EFBC}") = "ModernHttpClient.Android", "src\ModernHttpClient.Android\ModernHttpClient.Android.csproj", "{F7290B9E-C821-4DA7-A4E5-824D9B0F70F2}"
EndProject
Global
	GlobalSection(SolutionConfigurationPlatforms) = preSolution
		Debug|Any CPU = Debug|Any CPU
		Release|Any CPU = Release|Any CPU
		Debug|iPhoneSimulator = Debug|iPhoneSimulator
		Release|iPhoneSimulator = Release|iPhoneSimulator
		Debug|iPhone = Debug|iPhone
		Release|iPhone = Release|iPhone
		Ad-Hoc|iPhone = Ad-Hoc|iPhone
		AppStore|iPhone = AppStore|iPhone
	EndGlobalSection
	GlobalSection(ProjectConfigurationPlatforms) = postSolution
		{0F2A1CC8-4168-4CB4-B334-28C28BA51ECB}.Ad-Hoc|iPhone.ActiveCfg = Debug|Any CPU
		{0F2A1CC8-4168-4CB4-B334-28C28BA51ECB}.Ad-Hoc|iPhone.Build.0 = Debug|Any CPU
		{0F2A1CC8-4168-4CB4-B334-28C28BA51ECB}.AppStore|iPhone.ActiveCfg = Debug|Any CPU
		{0F2A1CC8-4168-4CB4-B334-28C28BA51ECB}.AppStore|iPhone.Build.0 = Debug|Any CPU
		{0F2A1CC8-4168-4CB4-B334-28C28BA51ECB}.Debug|Any CPU.ActiveCfg = Debug|Any CPU
		{0F2A1CC8-4168-4CB4-B334-28C28BA51ECB}.Debug|Any CPU.Build.0 = Debug|Any CPU
		{0F2A1CC8-4168-4CB4-B334-28C28BA51ECB}.Debug|iPhone.ActiveCfg = Debug|Any CPU
		{0F2A1CC8-4168-4CB4-B334-28C28BA51ECB}.Debug|iPhone.Build.0 = Debug|Any CPU
		{0F2A1CC8-4168-4CB4-B334-28C28BA51ECB}.Debug|iPhoneSimulator.ActiveCfg = Debug|Any CPU
		{0F2A1CC8-4168-4CB4-B334-28C28BA51ECB}.Debug|iPhoneSimulator.Build.0 = Debug|Any CPU
		{0F2A1CC8-4168-4CB4-B334-28C28BA51ECB}.Release|Any CPU.ActiveCfg = Release|Any CPU
		{0F2A1CC8-4168-4CB4-B334-28C28BA51ECB}.Release|Any CPU.Build.0 = Release|Any CPU
		{0F2A1CC8-4168-4CB4-B334-28C28BA51ECB}.Release|iPhone.ActiveCfg = Release|Any CPU
		{0F2A1CC8-4168-4CB4-B334-28C28BA51ECB}.Release|iPhone.Build.0 = Release|Any CPU
		{0F2A1CC8-4168-4CB4-B334-28C28BA51ECB}.Release|iPhoneSimulator.ActiveCfg = Release|Any CPU
		{0F2A1CC8-4168-4CB4-B334-28C28BA51ECB}.Release|iPhoneSimulator.Build.0 = Release|Any CPU
		{133270E5-3A11-4A4A-A4AD-1D89FC9DBAAF}.Ad-Hoc|iPhone.ActiveCfg = Release|Any CPU
		{133270E5-3A11-4A4A-A4AD-1D89FC9DBAAF}.Ad-Hoc|iPhone.Build.0 = Release|Any CPU
		{133270E5-3A11-4A4A-A4AD-1D89FC9DBAAF}.AppStore|iPhone.ActiveCfg = Release|Any CPU
		{133270E5-3A11-4A4A-A4AD-1D89FC9DBAAF}.AppStore|iPhone.Build.0 = Release|Any CPU
		{133270E5-3A11-4A4A-A4AD-1D89FC9DBAAF}.Debug|Any CPU.ActiveCfg = Debug|Any CPU
		{133270E5-3A11-4A4A-A4AD-1D89FC9DBAAF}.Debug|Any CPU.Build.0 = Debug|Any CPU
		{133270E5-3A11-4A4A-A4AD-1D89FC9DBAAF}.Debug|iPhone.ActiveCfg = Debug|Any CPU
		{133270E5-3A11-4A4A-A4AD-1D89FC9DBAAF}.Debug|iPhone.Build.0 = Debug|Any CPU
		{133270E5-3A11-4A4A-A4AD-1D89FC9DBAAF}.Debug|iPhoneSimulator.ActiveCfg = Debug|Any CPU
		{133270E5-3A11-4A4A-A4AD-1D89FC9DBAAF}.Debug|iPhoneSimulator.Build.0 = Debug|Any CPU
		{133270E5-3A11-4A4A-A4AD-1D89FC9DBAAF}.Release|Any CPU.ActiveCfg = Release|Any CPU
		{133270E5-3A11-4A4A-A4AD-1D89FC9DBAAF}.Release|Any CPU.Build.0 = Release|Any CPU
		{133270E5-3A11-4A4A-A4AD-1D89FC9DBAAF}.Release|iPhone.ActiveCfg = Release|Any CPU
		{133270E5-3A11-4A4A-A4AD-1D89FC9DBAAF}.Release|iPhone.Build.0 = Release|Any CPU
		{133270E5-3A11-4A4A-A4AD-1D89FC9DBAAF}.Release|iPhoneSimulator.ActiveCfg = Release|Any CPU
		{133270E5-3A11-4A4A-A4AD-1D89FC9DBAAF}.Release|iPhoneSimulator.Build.0 = Release|Any CPU
		{8736B208-9B6B-4B35-9817-04106F2DAF88}.Ad-Hoc|iPhone.ActiveCfg = Debug|Any CPU
		{8736B208-9B6B-4B35-9817-04106F2DAF88}.Ad-Hoc|iPhone.Build.0 = Debug|Any CPU
		{8736B208-9B6B-4B35-9817-04106F2DAF88}.AppStore|iPhone.ActiveCfg = Debug|Any CPU
		{8736B208-9B6B-4B35-9817-04106F2DAF88}.AppStore|iPhone.Build.0 = Debug|Any CPU
		{8736B208-9B6B-4B35-9817-04106F2DAF88}.Debug|Any CPU.ActiveCfg = Debug|Any CPU
		{8736B208-9B6B-4B35-9817-04106F2DAF88}.Debug|Any CPU.Build.0 = Debug|Any CPU
		{8736B208-9B6B-4B35-9817-04106F2DAF88}.Debug|iPhone.ActiveCfg = Debug|Any CPU
		{8736B208-9B6B-4B35-9817-04106F2DAF88}.Debug|iPhone.Build.0 = Debug|Any CPU
		{8736B208-9B6B-4B35-9817-04106F2DAF88}.Debug|iPhoneSimulator.ActiveCfg = Debug|Any CPU
		{8736B208-9B6B-4B35-9817-04106F2DAF88}.Debug|iPhoneSimulator.Build.0 = Debug|Any CPU
		{8736B208-9B6B-4B35-9817-04106F2DAF88}.Release|Any CPU.ActiveCfg = Release|Any CPU
		{8736B208-9B6B-4B35-9817-04106F2DAF88}.Release|Any CPU.Build.0 = Release|Any CPU
		{8736B208-9B6B-4B35-9817-04106F2DAF88}.Release|iPhone.ActiveCfg = Release|Any CPU
		{8736B208-9B6B-4B35-9817-04106F2DAF88}.Release|iPhone.Build.0 = Release|Any CPU
		{8736B208-9B6B-4B35-9817-04106F2DAF88}.Release|iPhoneSimulator.ActiveCfg = Release|Any CPU
		{8736B208-9B6B-4B35-9817-04106F2DAF88}.Release|iPhoneSimulator.Build.0 = Release|Any CPU
		{EB65180A-D624-4B51-B7EA-E1E720F247D4}.Ad-Hoc|iPhone.ActiveCfg = Ad-Hoc|iPhone
		{EB65180A-D624-4B51-B7EA-E1E720F247D4}.Ad-Hoc|iPhone.Build.0 = Ad-Hoc|iPhone
		{EB65180A-D624-4B51-B7EA-E1E720F247D4}.AppStore|iPhone.ActiveCfg = AppStore|iPhone
		{EB65180A-D624-4B51-B7EA-E1E720F247D4}.AppStore|iPhone.Build.0 = AppStore|iPhone
		{EB65180A-D624-4B51-B7EA-E1E720F247D4}.Debug|Any CPU.ActiveCfg = Debug|iPhoneSimulator
		{EB65180A-D624-4B51-B7EA-E1E720F247D4}.Debug|Any CPU.Build.0 = Debug|iPhoneSimulator
		{EB65180A-D624-4B51-B7EA-E1E720F247D4}.Debug|iPhone.ActiveCfg = Debug|iPhone
		{EB65180A-D624-4B51-B7EA-E1E720F247D4}.Debug|iPhone.Build.0 = Debug|iPhone
		{EB65180A-D624-4B51-B7EA-E1E720F247D4}.Debug|iPhoneSimulator.ActiveCfg = Debug|iPhoneSimulator
		{EB65180A-D624-4B51-B7EA-E1E720F247D4}.Debug|iPhoneSimulator.Build.0 = Debug|iPhoneSimulator
		{EB65180A-D624-4B51-B7EA-E1E720F247D4}.Release|Any CPU.ActiveCfg = Release|iPhoneSimulator
		{EB65180A-D624-4B51-B7EA-E1E720F247D4}.Release|Any CPU.Build.0 = Release|iPhoneSimulator
		{EB65180A-D624-4B51-B7EA-E1E720F247D4}.Release|iPhone.ActiveCfg = Release|iPhone
		{EB65180A-D624-4B51-B7EA-E1E720F247D4}.Release|iPhone.Build.0 = Release|iPhone
		{EB65180A-D624-4B51-B7EA-E1E720F247D4}.Release|iPhoneSimulator.ActiveCfg = Release|iPhoneSimulator
		{EB65180A-D624-4B51-B7EA-E1E720F247D4}.Release|iPhoneSimulator.Build.0 = Release|iPhoneSimulator
		{F7290B9E-C821-4DA7-A4E5-824D9B0F70F2}.Ad-Hoc|iPhone.ActiveCfg = Release|Any CPU
		{F7290B9E-C821-4DA7-A4E5-824D9B0F70F2}.Ad-Hoc|iPhone.Build.0 = Release|Any CPU
		{F7290B9E-C821-4DA7-A4E5-824D9B0F70F2}.AppStore|iPhone.ActiveCfg = Release|Any CPU
		{F7290B9E-C821-4DA7-A4E5-824D9B0F70F2}.AppStore|iPhone.Build.0 = Release|Any CPU
		{F7290B9E-C821-4DA7-A4E5-824D9B0F70F2}.Debug|Any CPU.ActiveCfg = Debug|Any CPU
		{F7290B9E-C821-4DA7-A4E5-824D9B0F70F2}.Debug|Any CPU.Build.0 = Debug|Any CPU
		{F7290B9E-C821-4DA7-A4E5-824D9B0F70F2}.Debug|iPhone.ActiveCfg = Debug|Any CPU
		{F7290B9E-C821-4DA7-A4E5-824D9B0F70F2}.Debug|iPhone.Build.0 = Debug|Any CPU
		{F7290B9E-C821-4DA7-A4E5-824D9B0F70F2}.Debug|iPhoneSimulator.ActiveCfg = Debug|Any CPU
		{F7290B9E-C821-4DA7-A4E5-824D9B0F70F2}.Debug|iPhoneSimulator.Build.0 = Debug|Any CPU
		{F7290B9E-C821-4DA7-A4E5-824D9B0F70F2}.Release|Any CPU.ActiveCfg = Release|Any CPU
		{F7290B9E-C821-4DA7-A4E5-824D9B0F70F2}.Release|Any CPU.Build.0 = Release|Any CPU
		{F7290B9E-C821-4DA7-A4E5-824D9B0F70F2}.Release|iPhone.ActiveCfg = Release|Any CPU
		{F7290B9E-C821-4DA7-A4E5-824D9B0F70F2}.Release|iPhone.Build.0 = Release|Any CPU
		{F7290B9E-C821-4DA7-A4E5-824D9B0F70F2}.Release|iPhoneSimulator.ActiveCfg = Release|Any CPU
		{F7290B9E-C821-4DA7-A4E5-824D9B0F70F2}.Release|iPhoneSimulator.Build.0 = Release|Any CPU
	EndGlobalSection
	GlobalSection(MonoDevelopProperties) = preSolution
		StartupItem = test\ModernHttpClient.Tests_iOS.csproj
	EndGlobalSection
EndGlobal
