
Microsoft Visual Studio Solution File, Format Version 11.00
# Visual Studio 2010
Project("{FAE04EC0-301F-11D3-BF4B-00C04F79EFBC}") = "HttpClient", "HttpClient.csproj", "{25848236-3220-464D-85F4-396CA90C5C87}"
EndProject
Global
	GlobalSection(SolutionConfigurationPlatforms) = preSolution
		Debug|iPhoneSimulator = Debug|iPhoneSimulator
		Release|iPhoneSimulator = Release|iPhoneSimulator
		Debug|iPhone = Debug|iPhone
		Release|iPhone = Release|iPhone
	EndGlobalSection
	GlobalSection(ProjectConfigurationPlatforms) = postSolution
		{25848236-3220-464D-85F4-396CA90C5C87}.Debug|iPhone.ActiveCfg = Debug|iPhone
		{25848236-3220-464D-85F4-396CA90C5C87}.Debug|iPhone.Build.0 = Debug|iPhone
		{25848236-3220-464D-85F4-396CA90C5C87}.Debug|iPhoneSimulator.ActiveCfg = Debug|iPhoneSimulator
		{25848236-3220-464D-85F4-396CA90C5C87}.Debug|iPhoneSimulator.Build.0 = Debug|iPhoneSimulator
		{25848236-3220-464D-85F4-396CA90C5C87}.Release|iPhone.ActiveCfg = Release|iPhone
		{25848236-3220-464D-85F4-396CA90C5C87}.Release|iPhone.Build.0 = Release|iPhone
		{25848236-3220-464D-85F4-396CA90C5C87}.Release|iPhoneSimulator.ActiveCfg = Release|iPhoneSimulator
		{25848236-3220-464D-85F4-396CA90C5C87}.Release|iPhoneSimulator.Build.0 = Release|iPhoneSimulator
	EndGlobalSection
	GlobalSection(MonoDevelopProperties) = preSolution
		StartupItem = HttpClient.csproj
	EndGlobalSection
EndGlobal
